
Microsoft Visual Studio Solution File, Format Version 12.00
# Visual Studio 15
VisualStudioVersion = 15.0.28307.539
MinimumVisualStudioVersion = 10.0.40219.1
Project("{FAE04EC0-301F-11D3-BF4B-00C04F79EFBC}") = "mayhemisdead", "mayhemisdead\mayhemisdead.csproj", "{BBFE1CCA-0BA6-4CE0-AD86-ABB1A7D0BB07}"
EndProject
Project("{FAE04EC0-301F-11D3-BF4B-00C04F79EFBC}") = "UnitTestProject1", "UnitTestProject1\UnitTestProject1.csproj", "{B899EBFD-05E9-46BB-8120-BDE7B13AE9CC}"
EndProject
Global
	GlobalSection(SolutionConfigurationPlatforms) = preSolution
		Debug|Any CPU = Debug|Any CPU
		Release|Any CPU = Release|Any CPU
	EndGlobalSection
	GlobalSection(ProjectConfigurationPlatforms) = postSolution
		{BBFE1CCA-0BA6-4CE0-AD86-ABB1A7D0BB07}.Debug|Any CPU.ActiveCfg = Debug|Any CPU
		{BBFE1CCA-0BA6-4CE0-AD86-ABB1A7D0BB07}.Debug|Any CPU.Build.0 = Debug|Any CPU
		{BBFE1CCA-0BA6-4CE0-AD86-ABB1A7D0BB07}.Release|Any CPU.ActiveCfg = Release|Any CPU
		{BBFE1CCA-0BA6-4CE0-AD86-ABB1A7D0BB07}.Release|Any CPU.Build.0 = Release|Any CPU
		{B899EBFD-05E9-46BB-8120-BDE7B13AE9CC}.Debug|Any CPU.ActiveCfg = Debug|Any CPU
		{B899EBFD-05E9-46BB-8120-BDE7B13AE9CC}.Debug|Any CPU.Build.0 = Debug|Any CPU
		{B899EBFD-05E9-46BB-8120-BDE7B13AE9CC}.Release|Any CPU.ActiveCfg = Release|Any CPU
		{B899EBFD-05E9-46BB-8120-BDE7B13AE9CC}.Release|Any CPU.Build.0 = Release|Any CPU
	EndGlobalSection
	GlobalSection(SolutionProperties) = preSolution
		HideSolutionNode = FALSE
	EndGlobalSection
	GlobalSection(ExtensibilityGlobals) = postSolution
		SolutionGuid = {BB5DE2CB-13F1-48CA-B46C-50566FA40B79}
	EndGlobalSection
EndGlobal
